
Microsoft Visual Studio Solution File, Format Version 12.00
# Visual Studio Version 17
VisualStudioVersion = 17.13.35931.197 d17.13
MinimumVisualStudioVersion = 10.0.40219.1
Project("{FAE04EC0-301F-11D3-BF4B-00C04F79EFBC}") = "лаб 4 задание 2", "лаб 4 задание 2\лаб 4 задание 2.csproj", "{AA84FD50-1E25-4FDC-BA39-E645DA60E96D}"
EndProject
Global
	GlobalSection(SolutionConfigurationPlatforms) = preSolution
		Debug|Any CPU = Debug|Any CPU
		Release|Any CPU = Release|Any CPU
	EndGlobalSection
	GlobalSection(ProjectConfigurationPlatforms) = postSolution
		{AA84FD50-1E25-4FDC-BA39-E645DA60E96D}.Debug|Any CPU.ActiveCfg = Debug|Any CPU
		{AA84FD50-1E25-4FDC-BA39-E645DA60E96D}.Debug|Any CPU.Build.0 = Debug|Any CPU
		{AA84FD50-1E25-4FDC-BA39-E645DA60E96D}.Release|Any CPU.ActiveCfg = Release|Any CPU
		{AA84FD50-1E25-4FDC-BA39-E645DA60E96D}.Release|Any CPU.Build.0 = Release|Any CPU
	EndGlobalSection
	GlobalSection(SolutionProperties) = preSolution
		HideSolutionNode = FALSE
	EndGlobalSection
	GlobalSection(ExtensibilityGlobals) = postSolution
		SolutionGuid = {048F3688-77FD-4B12-8812-4921B771B044}
	EndGlobalSection
EndGlobal
