
Microsoft Visual Studio Solution File, Format Version 12.00
# Visual Studio Version 17
VisualStudioVersion = 17.13.35931.197 d17.13
MinimumVisualStudioVersion = 10.0.40219.1
Project("{FAE04EC0-301F-11D3-BF4B-00C04F79EFBC}") = "лаб 5 задание 1", "лаб 5 задание 1\лаб 5 задание 1.csproj", "{3C6E86B3-130D-4202-92EE-456454D2CFA0}"
EndProject
Global
	GlobalSection(SolutionConfigurationPlatforms) = preSolution
		Debug|Any CPU = Debug|Any CPU
		Release|Any CPU = Release|Any CPU
	EndGlobalSection
	GlobalSection(ProjectConfigurationPlatforms) = postSolution
		{3C6E86B3-130D-4202-92EE-456454D2CFA0}.Debug|Any CPU.ActiveCfg = Debug|Any CPU
		{3C6E86B3-130D-4202-92EE-456454D2CFA0}.Debug|Any CPU.Build.0 = Debug|Any CPU
		{3C6E86B3-130D-4202-92EE-456454D2CFA0}.Release|Any CPU.ActiveCfg = Release|Any CPU
		{3C6E86B3-130D-4202-92EE-456454D2CFA0}.Release|Any CPU.Build.0 = Release|Any CPU
	EndGlobalSection
	GlobalSection(SolutionProperties) = preSolution
		HideSolutionNode = FALSE
	EndGlobalSection
	GlobalSection(ExtensibilityGlobals) = postSolution
		SolutionGuid = {75659F35-BACF-425F-BE7C-5B90953C11A8}
	EndGlobalSection
EndGlobal
