
Microsoft Visual Studio Solution File, Format Version 12.00
# Visual Studio Version 17
VisualStudioVersion = 17.13.35931.197 d17.13
MinimumVisualStudioVersion = 10.0.40219.1
Project("{FAE04EC0-301F-11D3-BF4B-00C04F79EFBC}") = "лаб  3 задание 2", "лаб  3 задание 2\лаб  3 задание 2.csproj", "{1C507C9E-B09B-4E67-B7DD-B89B0AA2939E}"
EndProject
Global
	GlobalSection(SolutionConfigurationPlatforms) = preSolution
		Debug|Any CPU = Debug|Any CPU
		Release|Any CPU = Release|Any CPU
	EndGlobalSection
	GlobalSection(ProjectConfigurationPlatforms) = postSolution
		{1C507C9E-B09B-4E67-B7DD-B89B0AA2939E}.Debug|Any CPU.ActiveCfg = Debug|Any CPU
		{1C507C9E-B09B-4E67-B7DD-B89B0AA2939E}.Debug|Any CPU.Build.0 = Debug|Any CPU
		{1C507C9E-B09B-4E67-B7DD-B89B0AA2939E}.Release|Any CPU.ActiveCfg = Release|Any CPU
		{1C507C9E-B09B-4E67-B7DD-B89B0AA2939E}.Release|Any CPU.Build.0 = Release|Any CPU
	EndGlobalSection
	GlobalSection(SolutionProperties) = preSolution
		HideSolutionNode = FALSE
	EndGlobalSection
	GlobalSection(ExtensibilityGlobals) = postSolution
		SolutionGuid = {A667762F-980A-4974-AABE-7C2CA9073D86}
	EndGlobalSection
EndGlobal
