
Microsoft Visual Studio Solution File, Format Version 12.00
# Visual Studio Version 17
VisualStudioVersion = 17.13.35931.197 d17.13
MinimumVisualStudioVersion = 10.0.40219.1
Project("{FAE04EC0-301F-11D3-BF4B-00C04F79EFBC}") = "лаб 8 задание 1", "лаб 8 задание 1\лаб 8 задание 1.csproj", "{8BC9EEDA-860B-4619-92C0-05736BC66842}"
EndProject
Global
	GlobalSection(SolutionConfigurationPlatforms) = preSolution
		Debug|Any CPU = Debug|Any CPU
		Release|Any CPU = Release|Any CPU
	EndGlobalSection
	GlobalSection(ProjectConfigurationPlatforms) = postSolution
		{8BC9EEDA-860B-4619-92C0-05736BC66842}.Debug|Any CPU.ActiveCfg = Debug|Any CPU
		{8BC9EEDA-860B-4619-92C0-05736BC66842}.Debug|Any CPU.Build.0 = Debug|Any CPU
		{8BC9EEDA-860B-4619-92C0-05736BC66842}.Release|Any CPU.ActiveCfg = Release|Any CPU
		{8BC9EEDA-860B-4619-92C0-05736BC66842}.Release|Any CPU.Build.0 = Release|Any CPU
	EndGlobalSection
	GlobalSection(SolutionProperties) = preSolution
		HideSolutionNode = FALSE
	EndGlobalSection
	GlobalSection(ExtensibilityGlobals) = postSolution
		SolutionGuid = {C23670A3-FE83-4FFB-B5C4-AAB1680D994A}
	EndGlobalSection
EndGlobal
