
Microsoft Visual Studio Solution File, Format Version 12.00
# Visual Studio Version 17
VisualStudioVersion = 17.13.35931.197 d17.13
MinimumVisualStudioVersion = 10.0.40219.1
Project("{FAE04EC0-301F-11D3-BF4B-00C04F79EFBC}") = "лаб 9 задание 2", "лаб 9 задание 2\лаб 9 задание 2.csproj", "{B9085418-CAD6-49C2-8E9E-2A1766B8D810}"
EndProject
Global
	GlobalSection(SolutionConfigurationPlatforms) = preSolution
		Debug|Any CPU = Debug|Any CPU
		Release|Any CPU = Release|Any CPU
	EndGlobalSection
	GlobalSection(ProjectConfigurationPlatforms) = postSolution
		{B9085418-CAD6-49C2-8E9E-2A1766B8D810}.Debug|Any CPU.ActiveCfg = Debug|Any CPU
		{B9085418-CAD6-49C2-8E9E-2A1766B8D810}.Debug|Any CPU.Build.0 = Debug|Any CPU
		{B9085418-CAD6-49C2-8E9E-2A1766B8D810}.Release|Any CPU.ActiveCfg = Release|Any CPU
		{B9085418-CAD6-49C2-8E9E-2A1766B8D810}.Release|Any CPU.Build.0 = Release|Any CPU
	EndGlobalSection
	GlobalSection(SolutionProperties) = preSolution
		HideSolutionNode = FALSE
	EndGlobalSection
	GlobalSection(ExtensibilityGlobals) = postSolution
		SolutionGuid = {DCD1987D-1A62-417C-8196-4599E5D06C7D}
	EndGlobalSection
EndGlobal
