
Microsoft Visual Studio Solution File, Format Version 12.00
# Visual Studio Version 17
VisualStudioVersion = 17.13.35931.197 d17.13
MinimumVisualStudioVersion = 10.0.40219.1
Project("{FAE04EC0-301F-11D3-BF4B-00C04F79EFBC}") = "лаб 7 задание 1", "лаб 7 задание 1\лаб 7 задание 1.csproj", "{549349A4-0582-4E2E-8769-D1A46868B428}"
EndProject
Global
	GlobalSection(SolutionConfigurationPlatforms) = preSolution
		Debug|Any CPU = Debug|Any CPU
		Release|Any CPU = Release|Any CPU
	EndGlobalSection
	GlobalSection(ProjectConfigurationPlatforms) = postSolution
		{549349A4-0582-4E2E-8769-D1A46868B428}.Debug|Any CPU.ActiveCfg = Debug|Any CPU
		{549349A4-0582-4E2E-8769-D1A46868B428}.Debug|Any CPU.Build.0 = Debug|Any CPU
		{549349A4-0582-4E2E-8769-D1A46868B428}.Release|Any CPU.ActiveCfg = Release|Any CPU
		{549349A4-0582-4E2E-8769-D1A46868B428}.Release|Any CPU.Build.0 = Release|Any CPU
	EndGlobalSection
	GlobalSection(SolutionProperties) = preSolution
		HideSolutionNode = FALSE
	EndGlobalSection
	GlobalSection(ExtensibilityGlobals) = postSolution
		SolutionGuid = {F2D379ED-1E67-48A0-B3BD-98831B251A99}
	EndGlobalSection
EndGlobal
